
Microsoft Visual Studio Solution File, Format Version 12.00
# Visual Studio Version 17
VisualStudioVersion = 17.1.32319.34
MinimumVisualStudioVersion = 10.0.40219.1
Project("{9A19103F-16F7-4668-BE54-9A1E7A4F7556}") = "Stationery.Api", "Stationery.Api\Stationery.Api.csproj", "{C100231E-8FBA-4524-9229-3D59E3FF264C}"
EndProject
Project("{9A19103F-16F7-4668-BE54-9A1E7A4F7556}") = "StationerAppTests", "StationerAppTests\StationerAppTests.csproj", "{010B4200-9095-4958-A5FA-BC4070399449}"
EndProject
Global
	GlobalSection(SolutionConfigurationPlatforms) = preSolution
		Debug|Any CPU = Debug|Any CPU
		Release|Any CPU = Release|Any CPU
	EndGlobalSection
	GlobalSection(ProjectConfigurationPlatforms) = postSolution
		{C100231E-8FBA-4524-9229-3D59E3FF264C}.Debug|Any CPU.ActiveCfg = Debug|Any CPU
		{C100231E-8FBA-4524-9229-3D59E3FF264C}.Debug|Any CPU.Build.0 = Debug|Any CPU
		{C100231E-8FBA-4524-9229-3D59E3FF264C}.Release|Any CPU.ActiveCfg = Release|Any CPU
		{C100231E-8FBA-4524-9229-3D59E3FF264C}.Release|Any CPU.Build.0 = Release|Any CPU
		{010B4200-9095-4958-A5FA-BC4070399449}.Debug|Any CPU.ActiveCfg = Debug|Any CPU
		{010B4200-9095-4958-A5FA-BC4070399449}.Debug|Any CPU.Build.0 = Debug|Any CPU
		{010B4200-9095-4958-A5FA-BC4070399449}.Release|Any CPU.ActiveCfg = Release|Any CPU
		{010B4200-9095-4958-A5FA-BC4070399449}.Release|Any CPU.Build.0 = Release|Any CPU
	EndGlobalSection
	GlobalSection(SolutionProperties) = preSolution
		HideSolutionNode = FALSE
	EndGlobalSection
	GlobalSection(ExtensibilityGlobals) = postSolution
		SolutionGuid = {F6995F7C-0A88-4CF6-AC6A-3C069AB56498}
	EndGlobalSection
EndGlobal
